// !$*UTF8*$!
{
	archiveVersion = 1;
	classes = {
	};
	objectVersion = 50;
	objects = {

/* Begin PBXBuildFile section */
		47EFD4FD27552A1900CA8F07 /* AppDelegate.swift in Sources */ = {isa = PBXBuildFile; fileRef = 47EFD4FC27552A1900CA8F07 /* AppDelegate.swift */; };
		47EFD4FF27552A1900CA8F07 /* SceneDelegate.swift in Sources */ = {isa = PBXBuildFile; fileRef = 47EFD4FE27552A1900CA8F07 /* SceneDelegate.swift */; };
		47EFD50127552A1900CA8F07 /* ViewController.swift in Sources */ = {isa = PBXBuildFile; fileRef = 47EFD50027552A1900CA8F07 /* ViewController.swift */; };
		47EFD50427552A1900CA8F07 /* Main.storyboard in Resources */ = {isa = PBXBuildFile; fileRef = 47EFD50227552A1900CA8F07 /* Main.storyboard */; };
		47EFD50627552A1900CA8F07 /* Assets.xcassets in Resources */ = {isa = PBXBuildFile; fileRef = 47EFD50527552A1900CA8F07 /* Assets.xcassets */; };
		47EFD50927552A1900CA8F07 /* LaunchScreen.storyboard in Resources */ = {isa = PBXBuildFile; fileRef = 47EFD50727552A1900CA8F07 /* LaunchScreen.storyboard */; };
		47EFD52327552CEE00CA8F07 /* Storyboarded.swift in Sources */ = {isa = PBXBuildFile; fileRef = 47EFD52227552CEE00CA8F07 /* Storyboarded.swift */; };
		47EFD52D27552EAB00CA8F07 /* TrainingSeriesContainerView.swift in Sources */ = {isa = PBXBuildFile; fileRef = 47EFD52C27552EAB00CA8F07 /* TrainingSeriesContainerView.swift */; };
		47EFD53227552ED400CA8F07 /* NavagationManager.swift in Sources */ = {isa = PBXBuildFile; fileRef = 47EFD53127552ED400CA8F07 /* NavagationManager.swift */; };
		47EFD53627552F7500CA8F07 /* TrainingSeriesContainer.storyboard in Resources */ = {isa = PBXBuildFile; fileRef = 47EFD53527552F7500CA8F07 /* TrainingSeriesContainer.storyboard */; };
		47EFD53927552FE000CA8F07 /* BaseViewController.swift in Sources */ = {isa = PBXBuildFile; fileRef = 47EFD53827552FE000CA8F07 /* BaseViewController.swift */; };
		47EFD53C275535FB00CA8F07 /* BaseNavigationController.swift in Sources */ = {isa = PBXBuildFile; fileRef = 47EFD53B275535FB00CA8F07 /* BaseNavigationController.swift */; };
/* End PBXBuildFile section */

/* Begin PBXFileReference section */
		47EFD4F927552A1900CA8F07 /* Inova-Interview.app */ = {isa = PBXFileReference; explicitFileType = wrapper.application; includeInIndex = 0; path = "Inova-Interview.app"; sourceTree = BUILT_PRODUCTS_DIR; };
		47EFD4FC27552A1900CA8F07 /* AppDelegate.swift */ = {isa = PBXFileReference; lastKnownFileType = sourcecode.swift; path = AppDelegate.swift; sourceTree = "<group>"; };
		47EFD4FE27552A1900CA8F07 /* SceneDelegate.swift */ = {isa = PBXFileReference; lastKnownFileType = sourcecode.swift; path = SceneDelegate.swift; sourceTree = "<group>"; };
		47EFD50027552A1900CA8F07 /* ViewController.swift */ = {isa = PBXFileReference; lastKnownFileType = sourcecode.swift; path = ViewController.swift; sourceTree = "<group>"; };
		47EFD50327552A1900CA8F07 /* Base */ = {isa = PBXFileReference; lastKnownFileType = file.storyboard; name = Base; path = Base.lproj/Main.storyboard; sourceTree = "<group>"; };
		47EFD50527552A1900CA8F07 /* Assets.xcassets */ = {isa = PBXFileReference; lastKnownFileType = folder.assetcatalog; path = Assets.xcassets; sourceTree = "<group>"; };
		47EFD50827552A1900CA8F07 /* Base */ = {isa = PBXFileReference; lastKnownFileType = file.storyboard; name = Base; path = Base.lproj/LaunchScreen.storyboard; sourceTree = "<group>"; };
		47EFD50A27552A1900CA8F07 /* Info.plist */ = {isa = PBXFileReference; lastKnownFileType = text.plist.xml; path = Info.plist; sourceTree = "<group>"; };
		47EFD52227552CEE00CA8F07 /* Storyboarded.swift */ = {isa = PBXFileReference; lastKnownFileType = sourcecode.swift; path = Storyboarded.swift; sourceTree = "<group>"; };
		47EFD52C27552EAB00CA8F07 /* TrainingSeriesContainerView.swift */ = {isa = PBXFileReference; lastKnownFileType = sourcecode.swift; path = TrainingSeriesContainerView.swift; sourceTree = "<group>"; };
		47EFD53127552ED400CA8F07 /* NavagationManager.swift */ = {isa = PBXFileReference; lastKnownFileType = sourcecode.swift; path = NavagationManager.swift; sourceTree = "<group>"; };
		47EFD53527552F7500CA8F07 /* TrainingSeriesContainer.storyboard */ = {isa = PBXFileReference; lastKnownFileType = file.storyboard; path = TrainingSeriesContainer.storyboard; sourceTree = "<group>"; };
		47EFD53827552FE000CA8F07 /* BaseViewController.swift */ = {isa = PBXFileReference; lastKnownFileType = sourcecode.swift; path = BaseViewController.swift; sourceTree = "<group>"; };
		47EFD53B275535FB00CA8F07 /* BaseNavigationController.swift */ = {isa = PBXFileReference; lastKnownFileType = sourcecode.swift; path = BaseNavigationController.swift; sourceTree = "<group>"; };
/* End PBXFileReference section */

/* Begin PBXFrameworksBuildPhase section */
		47EFD4F627552A1900CA8F07 /* Frameworks */ = {
			isa = PBXFrameworksBuildPhase;
			buildActionMask = 2147483647;
			files = (
			);
			runOnlyForDeploymentPostprocessing = 0;
		};
/* End PBXFrameworksBuildPhase section */

/* Begin PBXGroup section */
		47EFD4F027552A1900CA8F07 = {
			isa = PBXGroup;
			children = (
				47EFD4FB27552A1900CA8F07 /* Inova-Interview */,
				47EFD4FA27552A1900CA8F07 /* Products */,
			);
			sourceTree = "<group>";
		};
		47EFD4FA27552A1900CA8F07 /* Products */ = {
			isa = PBXGroup;
			children = (
				47EFD4F927552A1900CA8F07 /* Inova-Interview.app */,
			);
			name = Products;
			sourceTree = "<group>";
		};
		47EFD4FB27552A1900CA8F07 /* Inova-Interview */ = {
			isa = PBXGroup;
			children = (
				47EFD50A27552A1900CA8F07 /* Info.plist */,
				47EFD52627552D0B00CA8F07 /* SupportingFiles */,
				47EFD51E27552C6200CA8F07 /* Global */,
				47EFD51C27552C3400CA8F07 /* Application */,
				47EFD51D27552C5100CA8F07 /* Modules */,
			);
			path = "Inova-Interview";
			sourceTree = "<group>";
		};
		47EFD51C27552C3400CA8F07 /* Application */ = {
			isa = PBXGroup;
			children = (
				47EFD52727552D5400CA8F07 /* Storyboards */,
				47EFD4FE27552A1900CA8F07 /* SceneDelegate.swift */,
				47EFD4FC27552A1900CA8F07 /* AppDelegate.swift */,
			);
			path = Application;
			sourceTree = "<group>";
		};
		47EFD51D27552C5100CA8F07 /* Modules */ = {
			isa = PBXGroup;
			children = (
				47EFD52927552E4300CA8F07 /* Base */,
				47EFD52A27552E5100CA8F07 /* TrainingSerires */,
				47EFD50027552A1900CA8F07 /* ViewController.swift */,
			);
			path = Modules;
			sourceTree = "<group>";
		};
		47EFD51E27552C6200CA8F07 /* Global */ = {
			isa = PBXGroup;
			children = (
				47EFD53027552EBD00CA8F07 /* Managers */,
				47EFD52027552C8600CA8F07 /* Protocols */,
			);
			path = Global;
			sourceTree = "<group>";
		};
		47EFD52027552C8600CA8F07 /* Protocols */ = {
			isa = PBXGroup;
			children = (
				47EFD52227552CEE00CA8F07 /* Storyboarded.swift */,
			);
			path = Protocols;
			sourceTree = "<group>";
		};
		47EFD52627552D0B00CA8F07 /* SupportingFiles */ = {
			isa = PBXGroup;
			children = (
				47EFD50527552A1900CA8F07 /* Assets.xcassets */,
			);
			path = SupportingFiles;
			sourceTree = "<group>";
		};
		47EFD52727552D5400CA8F07 /* Storyboards */ = {
			isa = PBXGroup;
			children = (
				47EFD50227552A1900CA8F07 /* Main.storyboard */,
				47EFD50727552A1900CA8F07 /* LaunchScreen.storyboard */,
			);
			path = Storyboards;
			sourceTree = "<group>";
		};
		47EFD52927552E4300CA8F07 /* Base */ = {
			isa = PBXGroup;
			children = (
				47EFD53827552FE000CA8F07 /* BaseViewController.swift */,
				47EFD53B275535FB00CA8F07 /* BaseNavigationController.swift */,
			);
			path = Base;
			sourceTree = "<group>";
		};
		47EFD52A27552E5100CA8F07 /* TrainingSerires */ = {
			isa = PBXGroup;
			children = (
				47EFD52B27552E8100CA8F07 /* TrainingSeriesContainer */,
			);
			path = TrainingSerires;
			sourceTree = "<group>";
		};
		47EFD52B27552E8100CA8F07 /* TrainingSeriesContainer */ = {
			isa = PBXGroup;
			children = (
				47EFD52C27552EAB00CA8F07 /* TrainingSeriesContainerView.swift */,
				47EFD53527552F7500CA8F07 /* TrainingSeriesContainer.storyboard */,
			);
			path = TrainingSeriesContainer;
			sourceTree = "<group>";
		};
		47EFD53027552EBD00CA8F07 /* Managers */ = {
			isa = PBXGroup;
			children = (
				47EFD53127552ED400CA8F07 /* NavagationManager.swift */,
			);
			path = Managers;
			sourceTree = "<group>";
		};
/* End PBXGroup section */

/* Begin PBXNativeTarget section */
		47EFD4F827552A1900CA8F07 /* Inova-Interview */ = {
			isa = PBXNativeTarget;
			buildConfigurationList = 47EFD50D27552A1900CA8F07 /* Build configuration list for PBXNativeTarget "Inova-Interview" */;
			buildPhases = (
				47EFD4F527552A1900CA8F07 /* Sources */,
				47EFD4F627552A1900CA8F07 /* Frameworks */,
				47EFD4F727552A1900CA8F07 /* Resources */,
			);
			buildRules = (
			);
			dependencies = (
			);
			name = "Inova-Interview";
			productName = "Inova-Interview";
			productReference = 47EFD4F927552A1900CA8F07 /* Inova-Interview.app */;
			productType = "com.apple.product-type.application";
		};
/* End PBXNativeTarget section */

/* Begin PBXProject section */
		47EFD4F127552A1900CA8F07 /* Project object */ = {
			isa = PBXProject;
			attributes = {
				LastSwiftUpdateCheck = 1240;
				LastUpgradeCheck = 1240;
				TargetAttributes = {
					47EFD4F827552A1900CA8F07 = {
						CreatedOnToolsVersion = 12.4;
					};
				};
			};
			buildConfigurationList = 47EFD4F427552A1900CA8F07 /* Build configuration list for PBXProject "Inova-Interview" */;
			compatibilityVersion = "Xcode 9.3";
			developmentRegion = en;
			hasScannedForEncodings = 0;
			knownRegions = (
				en,
				Base,
			);
			mainGroup = 47EFD4F027552A1900CA8F07;
			productRefGroup = 47EFD4FA27552A1900CA8F07 /* Products */;
			projectDirPath = "";
			projectRoot = "";
			targets = (
				47EFD4F827552A1900CA8F07 /* Inova-Interview */,
			);
		};
/* End PBXProject section */

/* Begin PBXResourcesBuildPhase section */
		47EFD4F727552A1900CA8F07 /* Resources */ = {
			isa = PBXResourcesBuildPhase;
			buildActionMask = 2147483647;
			files = (
				47EFD50927552A1900CA8F07 /* LaunchScreen.storyboard in Resources */,
				47EFD50627552A1900CA8F07 /* Assets.xcassets in Resources */,
				47EFD50427552A1900CA8F07 /* Main.storyboard in Resources */,
				47EFD53627552F7500CA8F07 /* TrainingSeriesContainer.storyboard in Resources */,
			);
			runOnlyForDeploymentPostprocessing = 0;
		};
/* End PBXResourcesBuildPhase section */

/* Begin PBXSourcesBuildPhase section */
		47EFD4F527552A1900CA8F07 /* Sources */ = {
			isa = PBXSourcesBuildPhase;
			buildActionMask = 2147483647;
			files = (
				47EFD53C275535FB00CA8F07 /* BaseNavigationController.swift in Sources */,
				47EFD50127552A1900CA8F07 /* ViewController.swift in Sources */,
				47EFD4FD27552A1900CA8F07 /* AppDelegate.swift in Sources */,
				47EFD52D27552EAB00CA8F07 /* TrainingSeriesContainerView.swift in Sources */,
				47EFD53227552ED400CA8F07 /* NavagationManager.swift in Sources */,
				47EFD4FF27552A1900CA8F07 /* SceneDelegate.swift in Sources */,
				47EFD53927552FE000CA8F07 /* BaseViewController.swift in Sources */,
				47EFD52327552CEE00CA8F07 /* Storyboarded.swift in Sources */,
			);
			runOnlyForDeploymentPostprocessing = 0;
		};
/* End PBXSourcesBuildPhase section */

/* Begin PBXVariantGroup section */
		47EFD50227552A1900CA8F07 /* Main.storyboard */ = {
			isa = PBXVariantGroup;
			children = (
				47EFD50327552A1900CA8F07 /* Base */,
			);
			name = Main.storyboard;
			sourceTree = "<group>";
		};
		47EFD50727552A1900CA8F07 /* LaunchScreen.storyboard */ = {
			isa = PBXVariantGroup;
			children = (
				47EFD50827552A1900CA8F07 /* Base */,
			);
			name = LaunchScreen.storyboard;
			sourceTree = "<group>";
		};
/* End PBXVariantGroup section */

/* Begin XCBuildConfiguration section */
		47EFD50B27552A1900CA8F07 /* Debug */ = {
			isa = XCBuildConfiguration;
			buildSettings = {
				ALWAYS_SEARCH_USER_PATHS = NO;
				CLANG_ANALYZER_NONNULL = YES;
				CLANG_ANALYZER_NUMBER_OBJECT_CONVERSION = YES_AGGRESSIVE;
				CLANG_CXX_LANGUAGE_STANDARD = "gnu++14";
				CLANG_CXX_LIBRARY = "libc++";
				CLANG_ENABLE_MODULES = YES;
				CLANG_ENABLE_OBJC_ARC = YES;
				CLANG_ENABLE_OBJC_WEAK = YES;
				CLANG_WARN_BLOCK_CAPTURE_AUTORELEASING = YES;
				CLANG_WARN_BOOL_CONVERSION = YES;
				CLANG_WARN_COMMA = YES;
				CLANG_WARN_CONSTANT_CONVERSION = YES;
				CLANG_WARN_DEPRECATED_OBJC_IMPLEMENTATIONS = YES;
				CLANG_WARN_DIRECT_OBJC_ISA_USAGE = YES_ERROR;
				CLANG_WARN_DOCUMENTATION_COMMENTS = YES;
				CLANG_WARN_EMPTY_BODY = YES;
				CLANG_WARN_ENUM_CONVERSION = YES;
				CLANG_WARN_INFINITE_RECURSION = YES;
				CLANG_WARN_INT_CONVERSION = YES;
				CLANG_WARN_NON_LITERAL_NULL_CONVERSION = YES;
				CLANG_WARN_OBJC_IMPLICIT_RETAIN_SELF = YES;
				CLANG_WARN_OBJC_LITERAL_CONVERSION = YES;
				CLANG_WARN_OBJC_ROOT_CLASS = YES_ERROR;
				CLANG_WARN_QUOTED_INCLUDE_IN_FRAMEWORK_HEADER = YES;
				CLANG_WARN_RANGE_LOOP_ANALYSIS = YES;
				CLANG_WARN_STRICT_PROTOTYPES = YES;
				CLANG_WARN_SUSPICIOUS_MOVE = YES;
				CLANG_WARN_UNGUARDED_AVAILABILITY = YES_AGGRESSIVE;
				CLANG_WARN_UNREACHABLE_CODE = YES;
				CLANG_WARN__DUPLICATE_METHOD_MATCH = YES;
				COPY_PHASE_STRIP = NO;
				DEBUG_INFORMATION_FORMAT = dwarf;
				ENABLE_STRICT_OBJC_MSGSEND = YES;
				ENABLE_TESTABILITY = YES;
				GCC_C_LANGUAGE_STANDARD = gnu11;
				GCC_DYNAMIC_NO_PIC = NO;
				GCC_NO_COMMON_BLOCKS = YES;
				GCC_OPTIMIZATION_LEVEL = 0;
				GCC_PREPROCESSOR_DEFINITIONS = (
					"DEBUG=1",
					"$(inherited)",
				);
				GCC_WARN_64_TO_32_BIT_CONVERSION = YES;
				GCC_WARN_ABOUT_RETURN_TYPE = YES_ERROR;
				GCC_WARN_UNDECLARED_SELECTOR = YES;
				GCC_WARN_UNINITIALIZED_AUTOS = YES_AGGRESSIVE;
				GCC_WARN_UNUSED_FUNCTION = YES;
				GCC_WARN_UNUSED_VARIABLE = YES;
				IPHONEOS_DEPLOYMENT_TARGET = 14.4;
				MTL_ENABLE_DEBUG_INFO = INCLUDE_SOURCE;
				MTL_FAST_MATH = YES;
				ONLY_ACTIVE_ARCH = YES;
				SDKROOT = iphoneos;
				SWIFT_ACTIVE_COMPILATION_CONDITIONS = DEBUG;
				SWIFT_OPTIMIZATION_LEVEL = "-Onone";
			};
			name = Debug;
		};
		47EFD50C27552A1900CA8F07 /* Release */ = {
			isa = XCBuildConfiguration;
			buildSettings = {
				ALWAYS_SEARCH_USER_PATHS = NO;
				CLANG_ANALYZER_NONNULL = YES;
				CLANG_ANALYZER_NUMBER_OBJECT_CONVERSION = YES_AGGRESSIVE;
				CLANG_CXX_LANGUAGE_STANDARD = "gnu++14";
				CLANG_CXX_LIBRARY = "libc++";
				CLANG_ENABLE_MODULES = YES;
				CLANG_ENABLE_OBJC_ARC = YES;
				CLANG_ENABLE_OBJC_WEAK = YES;
				CLANG_WARN_BLOCK_CAPTURE_AUTORELEASING = YES;
				CLANG_WARN_BOOL_CONVERSION = YES;
				CLANG_WARN_COMMA = YES;
				CLANG_WARN_CONSTANT_CONVERSION = YES;
				CLANG_WARN_DEPRECATED_OBJC_IMPLEMENTATIONS = YES;
				CLANG_WARN_DIRECT_OBJC_ISA_USAGE = YES_ERROR;
				CLANG_WARN_DOCUMENTATION_COMMENTS = YES;
				CLANG_WARN_EMPTY_BODY = YES;
				CLANG_WARN_ENUM_CONVERSION = YES;
				CLANG_WARN_INFINITE_RECURSION = YES;
				CLANG_WARN_INT_CONVERSION = YES;
				CLANG_WARN_NON_LITERAL_NULL_CONVERSION = YES;
				CLANG_WARN_OBJC_IMPLICIT_RETAIN_SELF = YES;
				CLANG_WARN_OBJC_LITERAL_CONVERSION = YES;
				CLANG_WARN_OBJC_ROOT_CLASS = YES_ERROR;
				CLANG_WARN_QUOTED_INCLUDE_IN_FRAMEWORK_HEADER = YES;
				CLANG_WARN_RANGE_LOOP_ANALYSIS = YES;
				CLANG_WARN_STRICT_PROTOTYPES = YES;
				CLANG_WARN_SUSPICIOUS_MOVE = YES;
				CLANG_WARN_UNGUARDED_AVAILABILITY = YES_AGGRESSIVE;
				CLANG_WARN_UNREACHABLE_CODE = YES;
				CLANG_WARN__DUPLICATE_METHOD_MATCH = YES;
				COPY_PHASE_STRIP = NO;
				DEBUG_INFORMATION_FORMAT = "dwarf-with-dsym";
				ENABLE_NS_ASSERTIONS = NO;
				ENABLE_STRICT_OBJC_MSGSEND = YES;
				GCC_C_LANGUAGE_STANDARD = gnu11;
				GCC_NO_COMMON_BLOCKS = YES;
				GCC_WARN_64_TO_32_BIT_CONVERSION = YES;
				GCC_WARN_ABOUT_RETURN_TYPE = YES_ERROR;
				GCC_WARN_UNDECLARED_SELECTOR = YES;
				GCC_WARN_UNINITIALIZED_AUTOS = YES_AGGRESSIVE;
				GCC_WARN_UNUSED_FUNCTION = YES;
				GCC_WARN_UNUSED_VARIABLE = YES;
				IPHONEOS_DEPLOYMENT_TARGET = 14.4;
				MTL_ENABLE_DEBUG_INFO = NO;
				MTL_FAST_MATH = YES;
				SDKROOT = iphoneos;
				SWIFT_COMPILATION_MODE = wholemodule;
				SWIFT_OPTIMIZATION_LEVEL = "-O";
				VALIDATE_PRODUCT = YES;
			};
			name = Release;
		};
		47EFD50E27552A1900CA8F07 /* Debug */ = {
			isa = XCBuildConfiguration;
			buildSettings = {
				ASSETCATALOG_COMPILER_APPICON_NAME = AppIcon;
				ASSETCATALOG_COMPILER_GLOBAL_ACCENT_COLOR_NAME = AccentColor;
				CODE_SIGN_STYLE = Automatic;
				INFOPLIST_FILE = "Inova-Interview/Info.plist";
				LD_RUNPATH_SEARCH_PATHS = (
					"$(inherited)",
					"@executable_path/Frameworks",
				);
				PRODUCT_BUNDLE_IDENTIFIER = "elkeik.toka.Inova-Interview";
				PRODUCT_NAME = "$(TARGET_NAME)";
				SWIFT_VERSION = 5.0;
				TARGETED_DEVICE_FAMILY = "1,2";
			};
			name = Debug;
		};
		47EFD50F27552A1900CA8F07 /* Release */ = {
			isa = XCBuildConfiguration;
			buildSettings = {
				ASSETCATALOG_COMPILER_APPICON_NAME = AppIcon;
				ASSETCATALOG_COMPILER_GLOBAL_ACCENT_COLOR_NAME = AccentColor;
				CODE_SIGN_STYLE = Automatic;
				INFOPLIST_FILE = "Inova-Interview/Info.plist";
				LD_RUNPATH_SEARCH_PATHS = (
					"$(inherited)",
					"@executable_path/Frameworks",
				);
				PRODUCT_BUNDLE_IDENTIFIER = "elkeik.toka.Inova-Interview";
				PRODUCT_NAME = "$(TARGET_NAME)";
				SWIFT_VERSION = 5.0;
				TARGETED_DEVICE_FAMILY = "1,2";
			};
			name = Release;
		};
/* End XCBuildConfiguration section */

/* Begin XCConfigurationList section */
		47EFD4F427552A1900CA8F07 /* Build configuration list for PBXProject "Inova-Interview" */ = {
			isa = XCConfigurationList;
			buildConfigurations = (
				47EFD50B27552A1900CA8F07 /* Debug */,
				47EFD50C27552A1900CA8F07 /* Release */,
			);
			defaultConfigurationIsVisible = 0;
			defaultConfigurationName = Release;
		};
		47EFD50D27552A1900CA8F07 /* Build configuration list for PBXNativeTarget "Inova-Interview" */ = {
			isa = XCConfigurationList;
			buildConfigurations = (
				47EFD50E27552A1900CA8F07 /* Debug */,
				47EFD50F27552A1900CA8F07 /* Release */,
			);
			defaultConfigurationIsVisible = 0;
			defaultConfigurationName = Release;
		};
/* End XCConfigurationList section */
	};
	rootObject = 47EFD4F127552A1900CA8F07 /* Project object */;
}
